{
  "requires": true,
  "lockfileVersion": 1,
  "dependencies": {
    "@bufbuild/protobuf": {
      "version": "2.2.3",
      "resolved": "https://registry.npmjs.org/@bufbuild/protobuf/-/protobuf-2.2.3.tgz",
      "integrity": "sha512-tFQoXHJdkEOSwj5tRIZSPNUuXK3RaR7T1nUrPgbYX1pUbvqqaaZAsfo+NXBPsz5rZMSKVFrgK1WL8Q/MSLvprg==",
      "dev": true
    },
    "@esbuild/aix-ppc64": {
      "version": "0.24.2",
      "resolved": "https://registry.npmjs.org/@esbuild/aix-ppc64/-/aix-ppc64-0.24.2.tgz",
      "integrity": "sha512-thpVCb/rhxE/BnMLQ7GReQLLN8q9qbHmI55F4489/ByVg2aQaQ6kbcLb6FHkocZzQhxc4gx0sCk0tJkKBFzDhA==",
      "dev": true,
      "optional": true
    },
    "@esbuild/android-arm": {
      "version": "0.24.2",
      "resolved": "https://registry.npmjs.org/@esbuild/android-arm/-/android-arm-0.24.2.tgz",
      "integrity": "sha512-tmwl4hJkCfNHwFB3nBa8z1Uy3ypZpxqxfTQOcHX+xRByyYgunVbZ9MzUUfb0RxaHIMnbHagwAxuTL+tnNM+1/Q==",
      "dev": true,
      "optional": true
    },
    "@esbuild/android-arm64": {
      "version": "0.24.2",
      "resolved": "https://registry.npmjs.org/@esbuild/android-arm64/-/android-arm64-0.24.2.tgz",
      "integrity": "sha512-cNLgeqCqV8WxfcTIOeL4OAtSmL8JjcN6m09XIgro1Wi7cF4t/THaWEa7eL5CMoMBdjoHOTh/vwTO/o2TRXIyzg==",
      "dev": true,
      "optional": true
    },
    "@esbuild/android-x64": {
      "version": "0.24.2",
      "resolved": "https://registry.npmjs.org/@esbuild/android-x64/-/android-x64-0.24.2.tgz",
      "integrity": "sha512-B6Q0YQDqMx9D7rvIcsXfmJfvUYLoP722bgfBlO5cGvNVb5V/+Y7nhBE3mHV9OpxBf4eAS2S68KZztiPaWq4XYw==",
      "dev": true,
      "optional": true
    },
    "@esbuild/darwin-arm64": {
      "version": "0.24.2",
      "resolved": "https://registry.npmjs.org/@esbuild/darwin-arm64/-/darwin-arm64-0.24.2.tgz",
      "integrity": "sha512-kj3AnYWc+CekmZnS5IPu9D+HWtUI49hbnyqk0FLEJDbzCIQt7hg7ucF1SQAilhtYpIujfaHr6O0UHlzzSPdOeA==",
      "dev": true,
      "optional": true
    },
    "@esbuild/darwin-x64": {
      "version": "0.24.2",
      "resolved": "https://registry.npmjs.org/@esbuild/darwin-x64/-/darwin-x64-0.24.2.tgz",
      "integrity": "sha512-WeSrmwwHaPkNR5H3yYfowhZcbriGqooyu3zI/3GGpF8AyUdsrrP0X6KumITGA9WOyiJavnGZUwPGvxvwfWPHIA==",
      "dev": true,
      "optional": true
    },
    "@esbuild/freebsd-arm64": {
      "version": "0.24.2",
      "resolved": "https://registry.npmjs.org/@esbuild/freebsd-arm64/-/freebsd-arm64-0.24.2.tgz",
      "integrity": "sha512-UN8HXjtJ0k/Mj6a9+5u6+2eZ2ERD7Edt1Q9IZiB5UZAIdPnVKDoG7mdTVGhHJIeEml60JteamR3qhsr1r8gXvg==",
      "dev": true,
      "optional": true
    },
    "@esbuild/freebsd-x64": {
      "version": "0.24.2",
      "resolved": "https://registry.npmjs.org/@esbuild/freebsd-x64/-/freebsd-x64-0.24.2.tgz",
      "integrity": "sha512-TvW7wE/89PYW+IevEJXZ5sF6gJRDY/14hyIGFXdIucxCsbRmLUcjseQu1SyTko+2idmCw94TgyaEZi9HUSOe3Q==",
      "dev": true,
      "optional": true
    },
    "@esbuild/linux-arm": {
      "version": "0.24.2",
      "resolved": "https://registry.npmjs.org/@esbuild/linux-arm/-/linux-arm-0.24.2.tgz",
      "integrity": "sha512-n0WRM/gWIdU29J57hJyUdIsk0WarGd6To0s+Y+LwvlC55wt+GT/OgkwoXCXvIue1i1sSNWblHEig00GBWiJgfA==",
      "dev": true,
      "optional": true
    },
    "@esbuild/linux-arm64": {
      "version": "0.24.2",
      "resolved": "https://registry.npmjs.org/@esbuild/linux-arm64/-/linux-arm64-0.24.2.tgz",
      "integrity": "sha512-7HnAD6074BW43YvvUmE/35Id9/NB7BeX5EoNkK9obndmZBUk8xmJJeU7DwmUeN7tkysslb2eSl6CTrYz6oEMQg==",
      "dev": true,
      "optional": true
    },
    "@esbuild/linux-ia32": {
      "version": "0.24.2",
      "resolved": "https://registry.npmjs.org/@esbuild/linux-ia32/-/linux-ia32-0.24.2.tgz",
      "integrity": "sha512-sfv0tGPQhcZOgTKO3oBE9xpHuUqguHvSo4jl+wjnKwFpapx+vUDcawbwPNuBIAYdRAvIDBfZVvXprIj3HA+Ugw==",
      "dev": true,
      "optional": true
    },
    "@esbuild/linux-loong64": {
      "version": "0.24.2",
      "resolved": "https://registry.npmjs.org/@esbuild/linux-loong64/-/linux-loong64-0.24.2.tgz",
      "integrity": "sha512-CN9AZr8kEndGooS35ntToZLTQLHEjtVB5n7dl8ZcTZMonJ7CCfStrYhrzF97eAecqVbVJ7APOEe18RPI4KLhwQ==",
      "dev": true,
      "optional": true
    },
    "@esbuild/linux-mips64el": {
      "version": "0.24.2",
      "resolved": "https://registry.npmjs.org/@esbuild/linux-mips64el/-/linux-mips64el-0.24.2.tgz",
      "integrity": "sha512-iMkk7qr/wl3exJATwkISxI7kTcmHKE+BlymIAbHO8xanq/TjHaaVThFF6ipWzPHryoFsesNQJPE/3wFJw4+huw==",
      "dev": true,
      "optional": true
    },
    "@esbuild/linux-ppc64": {
      "version": "0.24.2",
      "resolved": "https://registry.npmjs.org/@esbuild/linux-ppc64/-/linux-ppc64-0.24.2.tgz",
      "integrity": "sha512-shsVrgCZ57Vr2L8mm39kO5PPIb+843FStGt7sGGoqiiWYconSxwTiuswC1VJZLCjNiMLAMh34jg4VSEQb+iEbw==",
      "dev": true,
      "optional": true
    },
    "@esbuild/linux-riscv64": {
      "version": "0.24.2",
      "resolved": "https://registry.npmjs.org/@esbuild/linux-riscv64/-/linux-riscv64-0.24.2.tgz",
      "integrity": "sha512-4eSFWnU9Hhd68fW16GD0TINewo1L6dRrB+oLNNbYyMUAeOD2yCK5KXGK1GH4qD/kT+bTEXjsyTCiJGHPZ3eM9Q==",
      "dev": true,
      "optional": true
    },
    "@esbuild/linux-s390x": {
      "version": "0.24.2",
      "resolved": "https://registry.npmjs.org/@esbuild/linux-s390x/-/linux-s390x-0.24.2.tgz",
      "integrity": "sha512-S0Bh0A53b0YHL2XEXC20bHLuGMOhFDO6GN4b3YjRLK//Ep3ql3erpNcPlEFed93hsQAjAQDNsvcK+hV90FubSw==",
      "dev": true,
      "optional": true
    },
    "@esbuild/linux-x64": {
      "version": "0.24.2",
      "resolved": "https://registry.npmjs.org/@esbuild/linux-x64/-/linux-x64-0.24.2.tgz",
      "integrity": "sha512-8Qi4nQcCTbLnK9WoMjdC9NiTG6/E38RNICU6sUNqK0QFxCYgoARqVqxdFmWkdonVsvGqWhmm7MO0jyTqLqwj0Q==",
      "dev": true,
      "optional": true
    },
    "@esbuild/netbsd-arm64": {
      "version": "0.24.2",
      "resolved": "https://registry.npmjs.org/@esbuild/netbsd-arm64/-/netbsd-arm64-0.24.2.tgz",
      "integrity": "sha512-wuLK/VztRRpMt9zyHSazyCVdCXlpHkKm34WUyinD2lzK07FAHTq0KQvZZlXikNWkDGoT6x3TD51jKQ7gMVpopw==",
      "dev": true,
      "optional": true
    },
    "@esbuild/netbsd-x64": {
      "version": "0.24.2",
      "resolved": "https://registry.npmjs.org/@esbuild/netbsd-x64/-/netbsd-x64-0.24.2.tgz",
      "integrity": "sha512-VefFaQUc4FMmJuAxmIHgUmfNiLXY438XrL4GDNV1Y1H/RW3qow68xTwjZKfj/+Plp9NANmzbH5R40Meudu8mmw==",
      "dev": true,
      "optional": true
    },
    "@esbuild/openbsd-arm64": {
      "version": "0.24.2",
      "resolved": "https://registry.npmjs.org/@esbuild/openbsd-arm64/-/openbsd-arm64-0.24.2.tgz",
      "integrity": "sha512-YQbi46SBct6iKnszhSvdluqDmxCJA+Pu280Av9WICNwQmMxV7nLRHZfjQzwbPs3jeWnuAhE9Jy0NrnJ12Oz+0A==",
      "dev": true,
      "optional": true
    },
    "@esbuild/openbsd-x64": {
      "version": "0.24.2",
      "resolved": "https://registry.npmjs.org/@esbuild/openbsd-x64/-/openbsd-x64-0.24.2.tgz",
      "integrity": "sha512-+iDS6zpNM6EnJyWv0bMGLWSWeXGN/HTaF/LXHXHwejGsVi+ooqDfMCCTerNFxEkM3wYVcExkeGXNqshc9iMaOA==",
      "dev": true,
      "optional": true
    },
    "@esbuild/sunos-x64": {
      "version": "0.24.2",
      "resolved": "https://registry.npmjs.org/@esbuild/sunos-x64/-/sunos-x64-0.24.2.tgz",
      "integrity": "sha512-hTdsW27jcktEvpwNHJU4ZwWFGkz2zRJUz8pvddmXPtXDzVKTTINmlmga3ZzwcuMpUvLw7JkLy9QLKyGpD2Yxig==",
      "dev": true,
      "optional": true
    },
    "@esbuild/win32-arm64": {
      "version": "0.24.2",
      "resolved": "https://registry.npmjs.org/@esbuild/win32-arm64/-/win32-arm64-0.24.2.tgz",
      "integrity": "sha512-LihEQ2BBKVFLOC9ZItT9iFprsE9tqjDjnbulhHoFxYQtQfai7qfluVODIYxt1PgdoyQkz23+01rzwNwYfutxUQ==",
      "dev": true,
      "optional": true
    },
    "@esbuild/win32-ia32": {
      "version": "0.24.2",
      "resolved": "https://registry.npmjs.org/@esbuild/win32-ia32/-/win32-ia32-0.24.2.tgz",
      "integrity": "sha512-q+iGUwfs8tncmFC9pcnD5IvRHAzmbwQ3GPS5/ceCyHdjXubwQWI12MKWSNSMYLJMq23/IUCvJMS76PDqXe1fxA==",
      "dev": true,
      "optional": true
    },
    "@esbuild/win32-x64": {
      "version": "0.24.2",
      "resolved": "https://registry.npmjs.org/@esbuild/win32-x64/-/win32-x64-0.24.2.tgz",
      "integrity": "sha512-7VTgWzgMGvup6aSqDPLiW5zHaxYJGTO4OokMjIlrCtf+VpEL+cXKtCvg723iguPYI5oaUNdS+/V7OU2gvXVWEg==",
      "dev": true,
      "optional": true
    },
    "@fortawesome/fontawesome-free": {
      "version": "6.7.2",
      "resolved": "https://registry.npmjs.org/@fortawesome/fontawesome-free/-/fontawesome-free-6.7.2.tgz",
      "integrity": "sha512-JUOtgFW6k9u4Y+xeIaEiLr3+cjoUPiAuLXoyKOJSia6Duzb7pq+A76P9ZdPDoAoxHdHzq6gE9/jKBGXlZT8FbA=="
    },
    "@popperjs/core": {
      "version": "2.11.8",
      "resolved": "https://registry.npmjs.org/@popperjs/core/-/core-2.11.8.tgz",
      "integrity": "sha512-P1st0aksCrn9sGZhp8GMYwBnQsbvAWsZAX44oXNNvLHGqAOcoVxmjZiohstwQ7SqKnbR47akdNi+uleWD8+g6A=="
    },
    "@rollup/rollup-android-arm-eabi": {
      "version": "4.34.8",
      "resolved": "https://registry.npmjs.org/@rollup/rollup-android-arm-eabi/-/rollup-android-arm-eabi-4.34.8.tgz",
      "integrity": "sha512-q217OSE8DTp8AFHuNHXo0Y86e1wtlfVrXiAlwkIvGRQv9zbc6mE3sjIVfwI8sYUyNxwOg0j/Vm1RKM04JcWLJw==",
      "dev": true,
      "optional": true
    },
    "@rollup/rollup-android-arm64": {
      "version": "4.34.8",
      "resolved": "https://registry.npmjs.org/@rollup/rollup-android-arm64/-/rollup-android-arm64-4.34.8.tgz",
      "integrity": "sha512-Gigjz7mNWaOL9wCggvoK3jEIUUbGul656opstjaUSGC3eT0BM7PofdAJaBfPFWWkXNVAXbaQtC99OCg4sJv70Q==",
      "dev": true,
      "optional": true
    },
    "@rollup/rollup-darwin-arm64": {
      "version": "4.34.8",
      "resolved": "https://registry.npmjs.org/@rollup/rollup-darwin-arm64/-/rollup-darwin-arm64-4.34.8.tgz",
      "integrity": "sha512-02rVdZ5tgdUNRxIUrFdcMBZQoaPMrxtwSb+/hOfBdqkatYHR3lZ2A2EGyHq2sGOd0Owk80oV3snlDASC24He3Q==",
      "dev": true,
      "optional": true
    },
    "@rollup/rollup-darwin-x64": {
      "version": "4.34.8",
      "resolved": "https://registry.npmjs.org/@rollup/rollup-darwin-x64/-/rollup-darwin-x64-4.34.8.tgz",
      "integrity": "sha512-qIP/elwR/tq/dYRx3lgwK31jkZvMiD6qUtOycLhTzCvrjbZ3LjQnEM9rNhSGpbLXVJYQ3rq39A6Re0h9tU2ynw==",
      "dev": true,
      "optional": true
    },
    "@rollup/rollup-freebsd-arm64": {
      "version": "4.34.8",
      "resolved": "https://registry.npmjs.org/@rollup/rollup-freebsd-arm64/-/rollup-freebsd-arm64-4.34.8.tgz",
      "integrity": "sha512-IQNVXL9iY6NniYbTaOKdrlVP3XIqazBgJOVkddzJlqnCpRi/yAeSOa8PLcECFSQochzqApIOE1GHNu3pCz+BDA==",
      "dev": true,
      "optional": true
    },
    "@rollup/rollup-freebsd-x64": {
      "version": "4.34.8",
      "resolved": "https://registry.npmjs.org/@rollup/rollup-freebsd-x64/-/rollup-freebsd-x64-4.34.8.tgz",
      "integrity": "sha512-TYXcHghgnCqYFiE3FT5QwXtOZqDj5GmaFNTNt3jNC+vh22dc/ukG2cG+pi75QO4kACohZzidsq7yKTKwq/Jq7Q==",
      "dev": true,
      "optional": true
    },
    "@rollup/rollup-linux-arm-gnueabihf": {
      "version": "4.34.8",
      "resolved": "https://registry.npmjs.org/@rollup/rollup-linux-arm-gnueabihf/-/rollup-linux-arm-gnueabihf-4.34.8.tgz",
      "integrity": "sha512-A4iphFGNkWRd+5m3VIGuqHnG3MVnqKe7Al57u9mwgbyZ2/xF9Jio72MaY7xxh+Y87VAHmGQr73qoKL9HPbXj1g==",
      "dev": true,
      "optional": true
    },
    "@rollup/rollup-linux-arm-musleabihf": {
      "version": "4.34.8",
      "resolved": "https://registry.npmjs.org/@rollup/rollup-linux-arm-musleabihf/-/rollup-linux-arm-musleabihf-4.34.8.tgz",
      "integrity": "sha512-S0lqKLfTm5u+QTxlFiAnb2J/2dgQqRy/XvziPtDd1rKZFXHTyYLoVL58M/XFwDI01AQCDIevGLbQrMAtdyanpA==",
      "dev": true,
      "optional": true
    },
    "@rollup/rollup-linux-arm64-gnu": {
      "version": "4.34.8",
      "resolved": "https://registry.npmjs.org/@rollup/rollup-linux-arm64-gnu/-/rollup-linux-arm64-gnu-4.34.8.tgz",
      "integrity": "sha512-jpz9YOuPiSkL4G4pqKrus0pn9aYwpImGkosRKwNi+sJSkz+WU3anZe6hi73StLOQdfXYXC7hUfsQlTnjMd3s1A==",
      "dev": true,
      "optional": true
    },
    "@rollup/rollup-linux-arm64-musl": {
      "version": "4.34.8",
      "resolved": "https://registry.npmjs.org/@rollup/rollup-linux-arm64-musl/-/rollup-linux-arm64-musl-4.34.8.tgz",
      "integrity": "sha512-KdSfaROOUJXgTVxJNAZ3KwkRc5nggDk+06P6lgi1HLv1hskgvxHUKZ4xtwHkVYJ1Rep4GNo+uEfycCRRxht7+Q==",
      "dev": true,
      "optional": true
    },
    "@rollup/rollup-linux-loongarch64-gnu": {
      "version": "4.34.8",
      "resolved": "https://registry.npmjs.org/@rollup/rollup-linux-loongarch64-gnu/-/rollup-linux-loongarch64-gnu-4.34.8.tgz",
      "integrity": "sha512-NyF4gcxwkMFRjgXBM6g2lkT58OWztZvw5KkV2K0qqSnUEqCVcqdh2jN4gQrTn/YUpAcNKyFHfoOZEer9nwo6uQ==",
      "dev": true,
      "optional": true
    },
    "@rollup/rollup-linux-powerpc64le-gnu": {
      "version": "4.34.8",
      "resolved": "https://registry.npmjs.org/@rollup/rollup-linux-powerpc64le-gnu/-/rollup-linux-powerpc64le-gnu-4.34.8.tgz",
      "integrity": "sha512-LMJc999GkhGvktHU85zNTDImZVUCJ1z/MbAJTnviiWmmjyckP5aQsHtcujMjpNdMZPT2rQEDBlJfubhs3jsMfw==",
      "dev": true,
      "optional": true
    },
    "@rollup/rollup-linux-riscv64-gnu": {
      "version": "4.34.8",
      "resolved": "https://registry.npmjs.org/@rollup/rollup-linux-riscv64-gnu/-/rollup-linux-riscv64-gnu-4.34.8.tgz",
      "integrity": "sha512-xAQCAHPj8nJq1PI3z8CIZzXuXCstquz7cIOL73HHdXiRcKk8Ywwqtx2wrIy23EcTn4aZ2fLJNBB8d0tQENPCmw==",
      "dev": true,
      "optional": true
    },
    "@rollup/rollup-linux-s390x-gnu": {
      "version": "4.34.8",
      "resolved": "https://registry.npmjs.org/@rollup/rollup-linux-s390x-gnu/-/rollup-linux-s390x-gnu-4.34.8.tgz",
      "integrity": "sha512-DdePVk1NDEuc3fOe3dPPTb+rjMtuFw89gw6gVWxQFAuEqqSdDKnrwzZHrUYdac7A7dXl9Q2Vflxpme15gUWQFA==",
      "dev": true,
      "optional": true
    },
    "@rollup/rollup-linux-x64-gnu": {
      "version": "4.34.8",
      "resolved": "https://registry.npmjs.org/@rollup/rollup-linux-x64-gnu/-/rollup-linux-x64-gnu-4.34.8.tgz",
      "integrity": "sha512-8y7ED8gjxITUltTUEJLQdgpbPh1sUQ0kMTmufRF/Ns5tI9TNMNlhWtmPKKHCU0SilX+3MJkZ0zERYYGIVBYHIA==",
      "dev": true,
      "optional": true
    },
    "@rollup/rollup-linux-x64-musl": {
      "version": "4.34.8",
      "resolved": "https://registry.npmjs.org/@rollup/rollup-linux-x64-musl/-/rollup-linux-x64-musl-4.34.8.tgz",
      "integrity": "sha512-SCXcP0ZpGFIe7Ge+McxY5zKxiEI5ra+GT3QRxL0pMMtxPfpyLAKleZODi1zdRHkz5/BhueUrYtYVgubqe9JBNQ==",
      "dev": true,
      "optional": true
    },
    "@rollup/rollup-win32-arm64-msvc": {
      "version": "4.34.8",
      "resolved": "https://registry.npmjs.org/@rollup/rollup-win32-arm64-msvc/-/rollup-win32-arm64-msvc-4.34.8.tgz",
      "integrity": "sha512-YHYsgzZgFJzTRbth4h7Or0m5O74Yda+hLin0irAIobkLQFRQd1qWmnoVfwmKm9TXIZVAD0nZ+GEb2ICicLyCnQ==",
      "dev": true,
      "optional": true
    },
    "@rollup/rollup-win32-ia32-msvc": {
      "version": "4.34.8",
      "resolved": "https://registry.npmjs.org/@rollup/rollup-win32-ia32-msvc/-/rollup-win32-ia32-msvc-4.34.8.tgz",
      "integrity": "sha512-r3NRQrXkHr4uWy5TOjTpTYojR9XmF0j/RYgKCef+Ag46FWUTltm5ziticv8LdNsDMehjJ543x/+TJAek/xBA2w==",
      "dev": true,
      "optional": true
    },
    "@rollup/rollup-win32-x64-msvc": {
      "version": "4.34.8",
      "resolved": "https://registry.npmjs.org/@rollup/rollup-win32-x64-msvc/-/rollup-win32-x64-msvc-4.34.8.tgz",
      "integrity": "sha512-U0FaE5O1BCpZSeE6gBl3c5ObhePQSfk9vDRToMmTkbhCOgW4jqvtS5LGyQ76L1fH8sM0keRp4uDTsbjiUyjk0g==",
      "dev": true,
      "optional": true
    },
    "@types/estree": {
      "version": "1.0.6",
      "resolved": "https://registry.npmjs.org/@types/estree/-/estree-1.0.6.tgz",
      "integrity": "sha512-AYnb1nQyY49te+VRAVgmzfcgjYS91mY5P0TKUDCLEM+gNnA+3T6rWITXRLYCpahpqSQbN5cE+gHpnPyXjHWxcw==",
      "dev": true
    },
    "bootstrap": {
      "version": "5.3.3",
      "resolved": "https://registry.npmjs.org/bootstrap/-/bootstrap-5.3.3.tgz",
      "integrity": "sha512-8HLCdWgyoMguSO9o+aH+iuZ+aht+mzW0u3HIMzVu7Srrpv7EBBxTnrFlSCskwdY1+EOFQSm7uMJhNQHkdPcmjg=="
    },
    "buffer-builder": {
      "version": "0.2.0",
      "resolved": "https://registry.npmjs.org/buffer-builder/-/buffer-builder-0.2.0.tgz",
      "integrity": "sha512-7VPMEPuYznPSoR21NE1zvd2Xna6c/CloiZCfcMXR1Jny6PjX0N4Nsa38zcBFo/FMK+BlA+FLKbJCQ0i2yxp+Xg==",
      "dev": true
    },
    "colorjs.io": {
      "version": "0.5.2",
      "resolved": "https://registry.npmjs.org/colorjs.io/-/colorjs.io-0.5.2.tgz",
      "integrity": "sha512-twmVoizEW7ylZSN32OgKdXRmo1qg+wT5/6C3xu5b9QsWzSFAhHLn2xd8ro0diCsKfCj1RdaTP/nrcW+vAoQPIw==",
      "dev": true
    },
    "esbuild": {
      "version": "0.24.2",
      "resolved": "https://registry.npmjs.org/esbuild/-/esbuild-0.24.2.tgz",
      "integrity": "sha512-+9egpBW8I3CD5XPe0n6BfT5fxLzxrlDzqydF3aviG+9ni1lDC/OvMHcxqEFV0+LANZG5R1bFMWfUrjVsdwxJvA==",
      "dev": true,
      "requires": {
        "@esbuild/aix-ppc64": "0.24.2",
        "@esbuild/android-arm": "0.24.2",
        "@esbuild/android-arm64": "0.24.2",
        "@esbuild/android-x64": "0.24.2",
        "@esbuild/darwin-arm64": "0.24.2",
        "@esbuild/darwin-x64": "0.24.2",
        "@esbuild/freebsd-arm64": "0.24.2",
        "@esbuild/freebsd-x64": "0.24.2",
        "@esbuild/linux-arm": "0.24.2",
        "@esbuild/linux-arm64": "0.24.2",
        "@esbuild/linux-ia32": "0.24.2",
        "@esbuild/linux-loong64": "0.24.2",
        "@esbuild/linux-mips64el": "0.24.2",
        "@esbuild/linux-ppc64": "0.24.2",
        "@esbuild/linux-riscv64": "0.24.2",
        "@esbuild/linux-s390x": "0.24.2",
        "@esbuild/linux-x64": "0.24.2",
        "@esbuild/netbsd-arm64": "0.24.2",
        "@esbuild/netbsd-x64": "0.24.2",
        "@esbuild/openbsd-arm64": "0.24.2",
        "@esbuild/openbsd-x64": "0.24.2",
        "@esbuild/sunos-x64": "0.24.2",
        "@esbuild/win32-arm64": "0.24.2",
        "@esbuild/win32-ia32": "0.24.2",
        "@esbuild/win32-x64": "0.24.2"
      }
    },
    "fsevents": {
      "version": "2.3.3",
      "resolved": "https://registry.npmjs.org/fsevents/-/fsevents-2.3.3.tgz",
      "integrity": "sha512-5xoDfX+fL7faATnagmWPpbFtwh/R77WmMMqqHGS65C3vvB0YHrgF+B1YmZ3441tMj5n63k0212XNoJwzlhffQw==",
      "dev": true,
      "optional": true
    },
    "has-flag": {
      "version": "4.0.0",
      "resolved": "https://registry.npmjs.org/has-flag/-/has-flag-4.0.0.tgz",
      "integrity": "sha512-EykJT/Q1KjTWctppgIAgfSO0tKVuZUjhgMr17kqTumMl6Afv3EISleU7qZUzoXDFTAHTDC4NOoG/ZxU3EvlMPQ==",
      "dev": true
    },
    "immutable": {
      "version": "5.0.3",
      "resolved": "https://registry.npmjs.org/immutable/-/immutable-5.0.3.tgz",
      "integrity": "sha512-P8IdPQHq3lA1xVeBRi5VPqUm5HDgKnx0Ru51wZz5mjxHr5n3RWhjIpOFU7ybkUxfB+5IToy+OLaHYDBIWsv+uw==",
      "dev": true
    },
    "laravel-vite-plugin": {
      "version": "1.2.0",
      "resolved": "https://registry.npmjs.org/laravel-vite-plugin/-/laravel-vite-plugin-1.2.0.tgz",
      "integrity": "sha512-R0pJ+IcTVeqEMoKz/B2Ij57QVq3sFTABiFmb06gAwFdivbOgsUtuhX6N2MGLEArajrS3U5JbberzwOe7uXHMHQ==",
      "dev": true,
      "requires": {
        "picocolors": "^1.0.0",
        "vite-plugin-full-reload": "^1.1.0"
      }
    },
    "nanoid": {
      "version": "3.3.8",
      "resolved": "https://registry.npmjs.org/nanoid/-/nanoid-3.3.8.tgz",
      "integrity": "sha512-WNLf5Sd8oZxOm+TzppcYk8gVOgP+l58xNy58D0nbUnOxOWRWvlcCV4kUF7ltmI6PsrLl/BgKEyS4mqsGChFN0w==",
      "dev": true
    },
    "picocolors": {
      "version": "1.1.1",
      "resolved": "https://registry.npmjs.org/picocolors/-/picocolors-1.1.1.tgz",
      "integrity": "sha512-xceH2snhtb5M9liqDsmEw56le376mTZkEX/jEb/RxNFyegNul7eNslCXP9FDj/Lcu0X8KEyMceP2ntpaHrDEVA==",
      "dev": true
    },
    "picomatch": {
      "version": "2.3.1",
      "resolved": "https://registry.npmjs.org/picomatch/-/picomatch-2.3.1.tgz",
      "integrity": "sha512-JU3teHTNjmE2VCGFzuY8EXzCDVwEqB2a8fsIvwaStHhAWJEeVd1o1QD80CU6+ZdEXXSLbSsuLwJjkCBWqRQUVA==",
      "dev": true
    },
    "postcss": {
      "version": "8.5.3",
      "resolved": "https://registry.npmjs.org/postcss/-/postcss-8.5.3.tgz",
      "integrity": "sha512-dle9A3yYxlBSrt8Fu+IpjGT8SY8hN0mlaA6GY8t0P5PjIOZemULz/E2Bnm/2dcUOena75OTNkHI76uZBNUUq3A==",
      "dev": true,
      "requires": {
        "nanoid": "^3.3.8",
        "picocolors": "^1.1.1",
        "source-map-js": "^1.2.1"
      }
    },
    "rollup": {
      "version": "4.34.8",
      "resolved": "https://registry.npmjs.org/rollup/-/rollup-4.34.8.tgz",
      "integrity": "sha512-489gTVMzAYdiZHFVA/ig/iYFllCcWFHMvUHI1rpFmkoUtRlQxqh6/yiNqnYibjMZ2b/+FUQwldG+aLsEt6bglQ==",
      "dev": true,
      "requires": {
        "@rollup/rollup-android-arm-eabi": "4.34.8",
        "@rollup/rollup-android-arm64": "4.34.8",
        "@rollup/rollup-darwin-arm64": "4.34.8",
        "@rollup/rollup-darwin-x64": "4.34.8",
        "@rollup/rollup-freebsd-arm64": "4.34.8",
        "@rollup/rollup-freebsd-x64": "4.34.8",
        "@rollup/rollup-linux-arm-gnueabihf": "4.34.8",
        "@rollup/rollup-linux-arm-musleabihf": "4.34.8",
        "@rollup/rollup-linux-arm64-gnu": "4.34.8",
        "@rollup/rollup-linux-arm64-musl": "4.34.8",
        "@rollup/rollup-linux-loongarch64-gnu": "4.34.8",
        "@rollup/rollup-linux-powerpc64le-gnu": "4.34.8",
        "@rollup/rollup-linux-riscv64-gnu": "4.34.8",
        "@rollup/rollup-linux-s390x-gnu": "4.34.8",
        "@rollup/rollup-linux-x64-gnu": "4.34.8",
        "@rollup/rollup-linux-x64-musl": "4.34.8",
        "@rollup/rollup-win32-arm64-msvc": "4.34.8",
        "@rollup/rollup-win32-ia32-msvc": "4.34.8",
        "@rollup/rollup-win32-x64-msvc": "4.34.8",
        "@types/estree": "1.0.6",
        "fsevents": "~2.3.2"
      }
    },
    "rxjs": {
      "version": "7.8.1",
      "resolved": "https://registry.npmjs.org/rxjs/-/rxjs-7.8.1.tgz",
      "integrity": "sha512-AA3TVj+0A2iuIoQkWEK/tqFjBq2j+6PO6Y0zJcvzLAFhEFIO3HL0vls9hWLncZbAAbK0mar7oZ4V079I/qPMxg==",
      "dev": true,
      "requires": {
        "tslib": "^2.1.0"
      }
    },
    "sass-embedded": {
      "version": "1.85.0",
      "resolved": "https://registry.npmjs.org/sass-embedded/-/sass-embedded-1.85.0.tgz",
      "integrity": "sha512-x3Vv54g0jv1aPSW8OTA/0GzQCs/HMQOjIkLtZJ3Xsn/I4vnyjKbVTQmFTax9bQjldqLEEkdbvy6ES/cOOnYNwA==",
      "dev": true,
      "requires": {
        "@bufbuild/protobuf": "^2.0.0",
        "buffer-builder": "^0.2.0",
        "colorjs.io": "^0.5.0",
        "immutable": "^5.0.2",
        "rxjs": "^7.4.0",
        "sass-embedded-android-arm": "1.85.0",
        "sass-embedded-android-arm64": "1.85.0",
        "sass-embedded-android-ia32": "1.85.0",
        "sass-embedded-android-riscv64": "1.85.0",
        "sass-embedded-android-x64": "1.85.0",
        "sass-embedded-darwin-arm64": "1.85.0",
        "sass-embedded-darwin-x64": "1.85.0",
        "sass-embedded-linux-arm": "1.85.0",
        "sass-embedded-linux-arm64": "1.85.0",
        "sass-embedded-linux-ia32": "1.85.0",
        "sass-embedded-linux-musl-arm": "1.85.0",
        "sass-embedded-linux-musl-arm64": "1.85.0",
        "sass-embedded-linux-musl-ia32": "1.85.0",
        "sass-embedded-linux-musl-riscv64": "1.85.0",
        "sass-embedded-linux-musl-x64": "1.85.0",
        "sass-embedded-linux-riscv64": "1.85.0",
        "sass-embedded-linux-x64": "1.85.0",
        "sass-embedded-win32-arm64": "1.85.0",
        "sass-embedded-win32-ia32": "1.85.0",
        "sass-embedded-win32-x64": "1.85.0",
        "supports-color": "^8.1.1",
        "sync-child-process": "^1.0.2",
        "varint": "^6.0.0"
      }
    },
    "sass-embedded-android-arm": {
      "version": "1.85.0",
      "resolved": "https://registry.npmjs.org/sass-embedded-android-arm/-/sass-embedded-android-arm-1.85.0.tgz",
      "integrity": "sha512-pPBT7Ad6G8Mlao8ypVNXW2ya7I/Bhcny+RYZ/EmrunEXfhzCNp4PWV2VAweitPO9RnPIJwvUTkLc8Fu6K3nVmw==",
      "dev": true,
      "optional": true
    },
    "sass-embedded-android-arm64": {
      "version": "1.85.0",
      "resolved": "https://registry.npmjs.org/sass-embedded-android-arm64/-/sass-embedded-android-arm64-1.85.0.tgz",
      "integrity": "sha512-4itDzRwezwrW8+YzMLIwHtMeH+qrBNdBsRn9lTVI15K+cNLC8z5JWJi6UCZ8TNNZr9LDBfsh5jUdjSub0yF7jg==",
      "dev": true,
      "optional": true
    },
    "sass-embedded-android-ia32": {
      "version": "1.85.0",
      "resolved": "https://registry.npmjs.org/sass-embedded-android-ia32/-/sass-embedded-android-ia32-1.85.0.tgz",
      "integrity": "sha512-bwqKq95hzbGbMTeXCMQhH7yEdc2xJVwIXj7rGdD3McvyFWbED6362XRFFPI5YyjfD2wRJd9yWLh/hn+6VyjcYA==",
      "dev": true,
      "optional": true
    },
    "sass-embedded-android-riscv64": {
      "version": "1.85.0",
      "resolved": "https://registry.npmjs.org/sass-embedded-android-riscv64/-/sass-embedded-android-riscv64-1.85.0.tgz",
      "integrity": "sha512-Fgkgay+5EePJXZFHR5Vlkutnsmox2V6nX4U3mfGbSN1xjLRm8F5ST72V2s5Z0mnIFpGvEu/v7hfptgViqMvaxg==",
      "dev": true,
      "optional": true
    },
    "sass-embedded-android-x64": {
      "version": "1.85.0",
      "resolved": "https://registry.npmjs.org/sass-embedded-android-x64/-/sass-embedded-android-x64-1.85.0.tgz",
      "integrity": "sha512-/bG3JgTn3eoIDHCiJNVkLeJgUesat4ghxqYmKMZUJx++4e6iKCDj8XwQTJAgm+QDrsPKXHBacHEANJ9LEAuTqg==",
      "dev": true,
      "optional": true
    },
    "sass-embedded-darwin-arm64": {
      "version": "1.85.0",
      "resolved": "https://registry.npmjs.org/sass-embedded-darwin-arm64/-/sass-embedded-darwin-arm64-1.85.0.tgz",
      "integrity": "sha512-plp8TyMz97YFBCB3ndftEvoW29vyfsSBJILM5U84cGzr06SvLh/Npjj8psfUeRw+upEk1zkFtw5u61sRCdgwIw==",
      "dev": true,
      "optional": true
    },
    "sass-embedded-darwin-x64": {
      "version": "1.85.0",
      "resolved": "https://registry.npmjs.org/sass-embedded-darwin-x64/-/sass-embedded-darwin-x64-1.85.0.tgz",
      "integrity": "sha512-LP8Zv8DG57Gn6PmSwWzC0gEZUsGdg36Ps3m0i1fVTOelql7N3HZIrlPYRjJvidL8ZlB3ISxNANebTREUHn/wkQ==",
      "dev": true,
      "optional": true
    },
    "sass-embedded-linux-arm": {
      "version": "1.85.0",
      "resolved": "https://registry.npmjs.org/sass-embedded-linux-arm/-/sass-embedded-linux-arm-1.85.0.tgz",
      "integrity": "sha512-18xOAEfazJt1MMVS2TRHV94n81VyMnywOoJ7/S7I79qno/zx26OoqqP4XvH107xu8+mZ9Gg54LrUH6ZcgHk08g==",
      "dev": true,
      "optional": true
    },
    "sass-embedded-linux-arm64": {
      "version": "1.85.0",
      "resolved": "https://registry.npmjs.org/sass-embedded-linux-arm64/-/sass-embedded-linux-arm64-1.85.0.tgz",
      "integrity": "sha512-JRIRKVOY5Y8M1zlUOv9AQGju4P6lj8i5vLJZsVYVN/uY8Cd2dDJZPC8EOhjntp+IpF8AOGIHqCeCkHBceIyIjA==",
      "dev": true,
      "optional": true
    },
    "sass-embedded-linux-ia32": {
      "version": "1.85.0",
      "resolved": "https://registry.npmjs.org/sass-embedded-linux-ia32/-/sass-embedded-linux-ia32-1.85.0.tgz",
      "integrity": "sha512-4JH+h+gLt9So22nNPQtsKojEsLzjld9ol3zWcOtMGclv+HojZGbCuhJUrLUcK72F8adXYsULmWhJPKROLIwYMA==",
      "dev": true,
      "optional": true
    },
    "sass-embedded-linux-musl-arm": {
      "version": "1.85.0",
      "resolved": "https://registry.npmjs.org/sass-embedded-linux-musl-arm/-/sass-embedded-linux-musl-arm-1.85.0.tgz",
      "integrity": "sha512-Z1j4ageDVFihqNUBnm89fxY46pY0zD/Clp1D3ZdI7S+D280+AEpbm5vMoH8LLhBQfQLf2w7H++SZGpQwrisudQ==",
      "dev": true,
      "optional": true
    },
    "sass-embedded-linux-musl-arm64": {
      "version": "1.85.0",
      "resolved": "https://registry.npmjs.org/sass-embedded-linux-musl-arm64/-/sass-embedded-linux-musl-arm64-1.85.0.tgz",
      "integrity": "sha512-aoQjUjK28bvdw9XKTjQeayn8oWQ2QqvoTD11myklGd3IHH7Jj0nwXUstI4NxDueCKt3wghuZoIQkjOheReQxlg==",
      "dev": true,
      "optional": true
    },
    "sass-embedded-linux-musl-ia32": {
      "version": "1.85.0",
      "resolved": "https://registry.npmjs.org/sass-embedded-linux-musl-ia32/-/sass-embedded-linux-musl-ia32-1.85.0.tgz",
      "integrity": "sha512-/cJCSXOfXmQFH8deE+3U9x+BSz8i0d1Tt9gKV/Gat1Xm43Oumw8pmZgno+cDuGjYQInr9ryW5121pTMlj/PBXQ==",
      "dev": true,
      "optional": true
    },
    "sass-embedded-linux-musl-riscv64": {
      "version": "1.85.0",
      "resolved": "https://registry.npmjs.org/sass-embedded-linux-musl-riscv64/-/sass-embedded-linux-musl-riscv64-1.85.0.tgz",
      "integrity": "sha512-l+FJxMXkmg42RZq5RFKXg4InX0IA7yEiPHe4kVSdrczP7z3NLxk+W9wVkPnoRKYIMe1qZPPQ25y0TgI4HNWouA==",
      "dev": true,
      "optional": true
    },
    "sass-embedded-linux-musl-x64": {
      "version": "1.85.0",
      "resolved": "https://registry.npmjs.org/sass-embedded-linux-musl-x64/-/sass-embedded-linux-musl-x64-1.85.0.tgz",
      "integrity": "sha512-M9ffjcYfFcRvkFA6V3DpOS955AyvmpvPAhL/xNK45d/ma1n1ehTWpd24tVeKiNK5CZkNjjMEfyw2fHa6MpqmEA==",
      "dev": true,
      "optional": true
    },
    "sass-embedded-linux-riscv64": {
      "version": "1.85.0",
      "resolved": "https://registry.npmjs.org/sass-embedded-linux-riscv64/-/sass-embedded-linux-riscv64-1.85.0.tgz",
      "integrity": "sha512-yqPXQWfM+qiIPkfn++48GOlbmSvUZIyL9nwFstBk0k4x40UhbhilfknqeTUpxoHfQzylTGVhrm5JE7MjM+LNZA==",
      "dev": true,
      "optional": true
    },
    "sass-embedded-linux-x64": {
      "version": "1.85.0",
      "resolved": "https://registry.npmjs.org/sass-embedded-linux-x64/-/sass-embedded-linux-x64-1.85.0.tgz",
      "integrity": "sha512-NTDeQFZcuVR7COoaRy8pZD6/+QznwBR8kVFsj7NpmvX9aJ7TX/q+OQZHX7Bfb3tsfKXhf1YZozegPuYxRnMKAQ==",
      "dev": true,
      "optional": true
    },
    "sass-embedded-win32-arm64": {
      "version": "1.85.0",
      "resolved": "https://registry.npmjs.org/sass-embedded-win32-arm64/-/sass-embedded-win32-arm64-1.85.0.tgz",
      "integrity": "sha512-gO0VAuxC4AdV+uZYJESRWVVHQWCGzNs0C3OKCAdH4r1vGRugooMi7J/5wbwUdXDA1MV9ICfhlKsph2n3GiPdqA==",
      "dev": true,
      "optional": true
    },
    "sass-embedded-win32-ia32": {
      "version": "1.85.0",
      "resolved": "https://registry.npmjs.org/sass-embedded-win32-ia32/-/sass-embedded-win32-ia32-1.85.0.tgz",
      "integrity": "sha512-PCyn6xeFIBUgBceNypuf73/5DWF2VWPlPqPuBprPsTvpZOMUJeBtP+Lf4mnu3dNy1z76mYVnpaCnQmzZ0zHZaA==",
      "dev": true,
      "optional": true
    },
    "sass-embedded-win32-x64": {
      "version": "1.85.0",
      "resolved": "https://registry.npmjs.org/sass-embedded-win32-x64/-/sass-embedded-win32-x64-1.85.0.tgz",
      "integrity": "sha512-AknE2jLp6OBwrR5hQ8pDsG94KhJCeSheFJ2xgbnk8RUjZX909JiNbgh2sNt9LG+RXf4xZa55dDL537gZoCx/iw==",
      "dev": true,
      "optional": true
    },
    "source-map-js": {
      "version": "1.2.1",
      "resolved": "https://registry.npmjs.org/source-map-js/-/source-map-js-1.2.1.tgz",
      "integrity": "sha512-UXWMKhLOwVKb728IUtQPXxfYU+usdybtUrK/8uGE8CQMvrhOpwvzDBwj0QhSL7MQc7vIsISBG8VQ8+IDQxpfQA==",
      "dev": true
    },
    "supports-color": {
      "version": "8.1.1",
      "resolved": "https://registry.npmjs.org/supports-color/-/supports-color-8.1.1.tgz",
      "integrity": "sha512-MpUEN2OodtUzxvKQl72cUF7RQ5EiHsGvSsVG0ia9c5RbWGL2CI4C7EpPS8UTBIplnlzZiNuV56w+FuNxy3ty2Q==",
      "dev": true,
      "requires": {
        "has-flag": "^4.0.0"
      }
    },
    "sync-child-process": {
      "version": "1.0.2",
      "resolved": "https://registry.npmjs.org/sync-child-process/-/sync-child-process-1.0.2.tgz",
      "integrity": "sha512-8lD+t2KrrScJ/7KXCSyfhT3/hRq78rC0wBFqNJXv3mZyn6hW2ypM05JmlSvtqRbeq6jqA94oHbxAr2vYsJ8vDA==",
      "dev": true,
      "requires": {
        "sync-message-port": "^1.0.0"
      }
    },
    "sync-message-port": {
      "version": "1.1.3",
      "resolved": "https://registry.npmjs.org/sync-message-port/-/sync-message-port-1.1.3.tgz",
      "integrity": "sha512-GTt8rSKje5FilG+wEdfCkOcLL7LWqpMlr2c3LRuKt/YXxcJ52aGSbGBAdI4L3aaqfrBt6y711El53ItyH1NWzg==",
      "dev": true
    },
    "tslib": {
      "version": "2.8.1",
      "resolved": "https://registry.npmjs.org/tslib/-/tslib-2.8.1.tgz",
      "integrity": "sha512-oJFu94HQb+KVduSUQL7wnpmqnfmLsOA/nAh6b6EH0wCEoK0/mPeXU6c3wKDV83MkOuHPRHtSXKKU99IBazS/2w==",
      "dev": true
    },
    "varint": {
      "version": "6.0.0",
      "resolved": "https://registry.npmjs.org/varint/-/varint-6.0.0.tgz",
      "integrity": "sha512-cXEIW6cfr15lFv563k4GuVuW/fiwjknytD37jIOLSdSWuOI6WnO/oKwmP2FQTU2l01LP8/M5TSAJpzUaGe3uWg==",
      "dev": true
    },
    "vite": {
      "version": "6.1.1",
      "resolved": "https://registry.npmjs.org/vite/-/vite-6.1.1.tgz",
      "integrity": "sha512-4GgM54XrwRfrOp297aIYspIti66k56v16ZnqHvrIM7mG+HjDlAwS7p+Srr7J6fGvEdOJ5JcQ/D9T7HhtdXDTzA==",
      "dev": true,
      "requires": {
        "esbuild": "^0.24.2",
        "fsevents": "~2.3.3",
        "postcss": "^8.5.2",
        "rollup": "^4.30.1"
      }
    },
    "vite-plugin-full-reload": {
      "version": "1.2.0",
      "resolved": "https://registry.npmjs.org/vite-plugin-full-reload/-/vite-plugin-full-reload-1.2.0.tgz",
      "integrity": "sha512-kz18NW79x0IHbxRSHm0jttP4zoO9P9gXh+n6UTwlNKnviTTEpOlum6oS9SmecrTtSr+muHEn5TUuC75UovQzcA==",
      "dev": true,
      "requires": {
        "picocolors": "^1.0.0",
        "picomatch": "^2.3.1"
      }
    }
  }
}
